
Microsoft Visual Studio Solution File, Format Version 12.00
# Visual Studio Version 17
VisualStudioVersion = 17.9.34728.123
MinimumVisualStudioVersion = 10.0.40219.1
Project("{9A19103F-16F7-4668-BE54-9A1E7A4F7556}") = "RePlays", "RePlays.csproj", "{10BA385C-0777-4293-BED2-C85223FC2CF8}"
EndProject
Global
	GlobalSection(SolutionConfigurationPlatforms) = preSolution
		Debug|Any CPU = Debug|Any CPU
		Release|Any CPU = Release|Any CPU
		ReleaseWithSymbols|Any CPU = ReleaseWithSymbols|Any CPU
	EndGlobalSection
	GlobalSection(ProjectConfigurationPlatforms) = postSolution
		{10BA385C-0777-4293-BED2-C85223FC2CF8}.Debug|Any CPU.ActiveCfg = Debug|Any CPU
		{10BA385C-0777-4293-BED2-C85223FC2CF8}.Debug|Any CPU.Build.0 = Debug|Any CPU
		{10BA385C-0777-4293-BED2-C85223FC2CF8}.Release|Any CPU.ActiveCfg = Release|Any CPU
		{10BA385C-0777-4293-BED2-C85223FC2CF8}.Release|Any CPU.Build.0 = Release|Any CPU
		{10BA385C-0777-4293-BED2-C85223FC2CF8}.ReleaseWithSymbols|Any CPU.ActiveCfg = ReleaseWithSymbols|Any CPU
		{10BA385C-0777-4293-BED2-C85223FC2CF8}.ReleaseWithSymbols|Any CPU.Build.0 = ReleaseWithSymbols|Any CPU
	EndGlobalSection
	GlobalSection(SolutionProperties) = preSolution
		HideSolutionNode = FALSE
	EndGlobalSection
	GlobalSection(ExtensibilityGlobals) = postSolution
		SolutionGuid = {D6E8B17D-2A3D-4779-980B-623B0C7E7248}
	EndGlobalSection
EndGlobal
